
Microsoft Visual Studio Solution File, Format Version 12.00
# Visual Studio Version 16
VisualStudioVersion = 16.0.31321.278
MinimumVisualStudioVersion = 10.0.40219.1
Project("{8BC9CEB8-8B4A-11D0-8D11-00A0C91BC942}") = "Arrays 1", "Arrays 1\Arrays 1.vcxproj", "{37F15B8A-8693-47AB-BE61-C1BEAE454009}"
EndProject
Global
	GlobalSection(SolutionConfigurationPlatforms) = preSolution
		Debug|x64 = Debug|x64
		Debug|x86 = Debug|x86
		Release|x64 = Release|x64
		Release|x86 = Release|x86
	EndGlobalSection
	GlobalSection(ProjectConfigurationPlatforms) = postSolution
		{37F15B8A-8693-47AB-BE61-C1BEAE454009}.Debug|x64.ActiveCfg = Debug|x64
		{37F15B8A-8693-47AB-BE61-C1BEAE454009}.Debug|x64.Build.0 = Debug|x64
		{37F15B8A-8693-47AB-BE61-C1BEAE454009}.Debug|x86.ActiveCfg = Debug|Win32
		{37F15B8A-8693-47AB-BE61-C1BEAE454009}.Debug|x86.Build.0 = Debug|Win32
		{37F15B8A-8693-47AB-BE61-C1BEAE454009}.Release|x64.ActiveCfg = Release|x64
		{37F15B8A-8693-47AB-BE61-C1BEAE454009}.Release|x64.Build.0 = Release|x64
		{37F15B8A-8693-47AB-BE61-C1BEAE454009}.Release|x86.ActiveCfg = Release|Win32
		{37F15B8A-8693-47AB-BE61-C1BEAE454009}.Release|x86.Build.0 = Release|Win32
	EndGlobalSection
	GlobalSection(SolutionProperties) = preSolution
		HideSolutionNode = FALSE
	EndGlobalSection
	GlobalSection(ExtensibilityGlobals) = postSolution
		SolutionGuid = {92A16CD1-44D8-4B0A-AE3C-375B8A4283B0}
	EndGlobalSection
EndGlobal
